<?xml version="1.0" encoding="utf-8"?>
<Project ToolsVersion="4.0" xmlns="http://schemas.microsoft.com/developer/msbuild/2003">
  <ItemGroup>
    <ClCompile Include="main.cpp" />
    <ClCompile Include="Utility\vec3.cpp" />
    <ClCompile Include="Utility\color.cpp" />
    <ClCompile Include="Utility\ray.cpp" />
    <ClCompile Include="sphere.cpp" />
    <ClCompile Include="hittable.cpp" />
    <ClCompile Include="hittable_list.cpp" />
    <ClCompile Include="Utility\interval.cpp" />
    <ClCompile Include="camera.cpp" />
    <ClCompile Include="material.cpp" />
  </ItemGroup>
  <ItemGroup>
    <ClInclude Include="Utility\vec3.hpp" />
    <ClInclude Include="Utility\color.hpp" />
    <ClInclude Include="Utility\ray.hpp" />
    <ClInclude Include="hittable.hpp" />
    <ClInclude Include="sphere.hpp" />
    <ClInclude Include="hittable_list.hpp" />
    <ClInclude Include="Utility\utility.hpp" />
    <ClInclude Include="Utility\interval.hpp" />
    <ClInclude Include="camera.hpp" />
    <ClInclude Include="material.hpp" />
  </ItemGroup>
</Project>